[[package]]
name = "certifi"
sections = ["default"]
version = "2020.12.5"
summary = "Python package for providing Mozilla's CA Bundle."

[[package]]
name = "chardet"
sections = ["default"]
version = "4.0.0"
summary = "Universal encoding detector for Python 2 and 3"

[[package]]
name = "click"
sections = ["default"]
version = "7.1.2"
summary = "Composable command line interface toolkit"

[[package]]
name = "click-plugins"
sections = ["default"]
version = "1.1.1"
summary = "An extension module for click to enable registering CLI commands via setuptools entry-points."
dependencies = [
    "click>=4.0",
]

[[package]]
name = "colorama"
sections = ["default"]
version = "0.4.4"
summary = "Cross-platform colored terminal text."

[[package]]
name = "commonmark"
sections = ["default"]
version = "0.9.1"
summary = "Python parser for the CommonMark Markdown spec"

[[package]]
name = "dataclasses"
sections = ["default"]
version = "0.8"
marker = "python_version >= '3.6' and python_version < '3.7'"
summary = "A backport of the dataclasses module for Python 3.6"

[[package]]
name = "func-timeout"
sections = ["default"]
version = "4.3.5"
summary = "Python module which allows you to specify timeouts when calling any existing function. Also provides support for stoppable-threads"

[[package]]
name = "idna"
sections = ["default"]
version = "2.10"
summary = "Internationalized Domain Names in Applications (IDNA)"

[[package]]
name = "pygments"
sections = ["default"]
version = "2.8.1"
summary = "Pygments is a syntax highlighting package written in Python."

[[package]]
name = "requests"
sections = ["default"]
version = "2.25.1"
summary = "Python HTTP for Humans."
dependencies = [
    "chardet<5,>=3.0.2",
    "idna<3,>=2.5",
    "urllib3<1.27,>=1.21.1",
    "certifi>=2017.4.17",
]

[[package]]
name = "rich"
sections = ["default"]
version = "10.0.0"
summary = "Render rich text, tables, progress bars, syntax highlighting, markdown and more to the terminal"
dependencies = [
    "colorama<0.5.0,>=0.4.0",
    "commonmark<0.10.0,>=0.9.0",
    "dataclasses<0.9,>=0.7; python_version >= \"3.6\" and python_version < \"3.7\"",
    "pygments<3.0.0,>=2.6.0",
    "typing-extensions<4.0.0,>=3.7.4",
]

[[package]]
name = "shodan"
sections = ["default"]
version = "1.25.0"
summary = "Python library and command-line utility for Shodan (https://developer.shodan.io)"
dependencies = [
    "XlsxWriter",
    "click",
    "click-plugins",
    "colorama",
    "requests>=2.2.1",
]

[[package]]
name = "typing-extensions"
sections = ["default"]
version = "3.7.4.3"
summary = "Backported and Experimental Type Hints for Python 3.5+"

[[package]]
name = "urllib3"
sections = ["default"]
version = "1.26.4"
summary = "HTTP library with thread-safe connection pooling, file post, and more."

[[package]]
name = "XlsxWriter"
sections = ["default"]
version = "1.3.9"
summary = "A Python module for creating Excel XLSX files."

[[package]]
name = "zoomeye"
sections = ["default"]
version = "2.0.4.6.1"
summary = "Python library and command-line tool for ZoomEye (https://www.zoomeye.org/doc)"
dependencies = [
    "requests>=2.2.1",
    "colorama",
]

[metadata]
lock_version = "2"
content_hash = "sha256:69cd4bbbb84f54420b61a69525b2a02a5d15ef8898acda09c89c40b7c7e2cf00"

[metadata.files]
"certifi 2020.12.5" = [
    {file = "certifi-2020.12.5-py2.py3-none-any.whl", hash = "sha256:719a74fb9e33b9bd44cc7f3a8d94bc35e4049deebe19ba7d8e108280cfd59830"},
    {file = "certifi-2020.12.5.tar.gz", hash = "sha256:1a4995114262bffbc2413b159f2a1a480c969de6e6eb13ee966d470af86af59c"},
]
"chardet 4.0.0" = [
    {file = "chardet-4.0.0-py2.py3-none-any.whl", hash = "sha256:f864054d66fd9118f2e67044ac8981a54775ec5b67aed0441892edb553d21da5"},
    {file = "chardet-4.0.0.tar.gz", hash = "sha256:0d6f53a15db4120f2b08c94f11e7d93d2c911ee118b6b30a04ec3ee8310179fa"},
]
"click 7.1.2" = [
    {file = "click-7.1.2-py2.py3-none-any.whl", hash = "sha256:dacca89f4bfadd5de3d7489b7c8a566eee0d3676333fbb50030263894c38c0dc"},
    {file = "click-7.1.2.tar.gz", hash = "sha256:d2b5255c7c6349bc1bd1e59e08cd12acbbd63ce649f2588755783aa94dfb6b1a"},
]
"click-plugins 1.1.1" = [
    {file = "click_plugins-1.1.1-py2.py3-none-any.whl", hash = "sha256:5d262006d3222f5057fd81e1623d4443e41dcda5dc815c06b442aa3c02889fc8"},
    {file = "click-plugins-1.1.1.tar.gz", hash = "sha256:46ab999744a9d831159c3411bb0c79346d94a444df9a3a3742e9ed63645f264b"},
]
"colorama 0.4.4" = [
    {file = "colorama-0.4.4-py2.py3-none-any.whl", hash = "sha256:9f47eda37229f68eee03b24b9748937c7dc3868f906e8ba69fbcbdd3bc5dc3e2"},
    {file = "colorama-0.4.4.tar.gz", hash = "sha256:5941b2b48a20143d2267e95b1c2a7603ce057ee39fd88e7329b0c292aa16869b"},
]
"commonmark 0.9.1" = [
    {file = "commonmark-0.9.1-py2.py3-none-any.whl", hash = "sha256:da2f38c92590f83de410ba1a3cbceafbc74fee9def35f9251ba9a971d6d66fd9"},
    {file = "commonmark-0.9.1.tar.gz", hash = "sha256:452f9dc859be7f06631ddcb328b6919c67984aca654e5fefb3914d54691aed60"},
]
"dataclasses 0.8" = [
    {file = "dataclasses-0.8-py3-none-any.whl", hash = "sha256:0201d89fa866f68c8ebd9d08ee6ff50c0b255f8ec63a71c16fda7af82bb887bf"},
    {file = "dataclasses-0.8.tar.gz", hash = "sha256:8479067f342acf957dc82ec415d355ab5edb7e7646b90dc6e2fd1d96ad084c97"},
]
"func-timeout 4.3.5" = [
    {file = "func_timeout-4.3.5.tar.gz", hash = "sha256:74cd3c428ec94f4edfba81f9b2f14904846d5ffccc27c92433b8b5939b5575dd"},
]
"idna 2.10" = [
    {file = "idna-2.10-py2.py3-none-any.whl", hash = "sha256:b97d804b1e9b523befed77c48dacec60e6dcb0b5391d57af6a65a312a90648c0"},
    {file = "idna-2.10.tar.gz", hash = "sha256:b307872f855b18632ce0c21c5e45be78c0ea7ae4c15c828c20788b26921eb3f6"},
]
"pygments 2.8.1" = [
    {file = "Pygments-2.8.1-py3-none-any.whl", hash = "sha256:534ef71d539ae97d4c3a4cf7d6f110f214b0e687e92f9cb9d2a3b0d3101289c8"},
    {file = "Pygments-2.8.1.tar.gz", hash = "sha256:2656e1a6edcdabf4275f9a3640db59fd5de107d88e8663c5d4e9a0fa62f77f94"},
]
"requests 2.25.1" = [
    {file = "requests-2.25.1-py2.py3-none-any.whl", hash = "sha256:c210084e36a42ae6b9219e00e48287def368a26d03a048ddad7bfee44f75871e"},
    {file = "requests-2.25.1.tar.gz", hash = "sha256:27973dd4a904a4f13b263a19c866c13b92a39ed1c964655f025f3f8d3d75b804"},
]
"rich 10.0.0" = [
    {file = "rich-10.0.0-py3-none-any.whl", hash = "sha256:01b3fcc305ae71b9ade4a645b6e371d395c6cd9ba52dcf180bfba69ef05c13b5"},
    {file = "rich-10.0.0.tar.gz", hash = "sha256:4674bd3056a72bb282ad581e3f8092dc110cdcc456b5ba76e34965cb85a69724"},
]
"shodan 1.25.0" = [
    {file = "shodan-1.25.0.tar.gz", hash = "sha256:7e2bddbc1b60bf620042d0010f4b762a80b43111dbea9c041d72d4325e260c23"},
]
"typing-extensions 3.7.4.3" = [
    {file = "typing_extensions-3.7.4.3-py2-none-any.whl", hash = "sha256:dafc7639cde7f1b6e1acc0f457842a83e722ccca8eef5270af2d74792619a89f"},
    {file = "typing_extensions-3.7.4.3-py3-none-any.whl", hash = "sha256:7cb407020f00f7bfc3cb3e7881628838e69d8f3fcab2f64742a5e76b2f841918"},
    {file = "typing_extensions-3.7.4.3.tar.gz", hash = "sha256:99d4073b617d30288f569d3f13d2bd7548c3a7e4c8de87db09a9d29bb3a4a60c"},
]
"urllib3 1.26.4" = [
    {file = "urllib3-1.26.4-py2.py3-none-any.whl", hash = "sha256:2f4da4594db7e1e110a944bb1b551fdf4e6c136ad42e4234131391e21eb5b0df"},
    {file = "urllib3-1.26.4.tar.gz", hash = "sha256:e7b021f7241115872f92f43c6508082facffbd1c048e3c6e2bb9c2a157e28937"},
]
"xlsxwriter 1.3.9" = [
    {file = "XlsxWriter-1.3.9-py2.py3-none-any.whl", hash = "sha256:e74dca4f2e946a117a541ca3153c06466190a88bb67fcdbd1cba2c1ea7f1fd76"},
    {file = "XlsxWriter-1.3.9.tar.gz", hash = "sha256:eca2e737d0b8df3cd72520fadcda9f48c3581282639965125a86ea8cd04620cf"},
]
"zoomeye 2.0.4.6.1" = [
    {file = "zoomeye-2.0.4.6.1-py3-none-any.whl", hash = "sha256:cc422f0644d59abe544d582991176dfe08d457a9f3e534668653cc6103aa9893"},
    {file = "zoomeye-2.0.4.6.1.tar.gz", hash = "sha256:03fea6f97c422962685e79f6f36fdff43374d1b02e627ed70e4023547e787199"},
]
